// !$*UTF8*$!
{
	archiveVersion = 1;
	classes = {
	};
	objectVersion = 46;
	objects = {

/* Begin PBXBuildFile section */
		F8938B251CE72A02005AE75B /* main.m in Sources */ = {isa = PBXBuildFile; fileRef = F8938B241CE72A02005AE75B /* main.m */; };
		F8938B281CE72A02005AE75B /* RJAppDelegate.m in Sources */ = {isa = PBXBuildFile; fileRef = F8938B271CE72A02005AE75B /* RJAppDelegate.m */; };
		F8938B351CE72A02005AE75B /* Assets.xcassets in Resources */ = {isa = PBXBuildFile; fileRef = F8938B341CE72A02005AE75B /* Assets.xcassets */; };
		F8938B381CE72A02005AE75B /* LaunchScreen.storyboard in Resources */ = {isa = PBXBuildFile; fileRef = F8938B361CE72A02005AE75B /* LaunchScreen.storyboard */; };
		F8938B421CE72A81005AE75B /* RJViewController.m in Sources */ = {isa = PBXBuildFile; fileRef = F8938B401CE72A81005AE75B /* RJViewController.m */; };
		F8938B431CE72A81005AE75B /* RJViewController.xib in Resources */ = {isa = PBXBuildFile; fileRef = F8938B411CE72A81005AE75B /* RJViewController.xib */; };
		F8938B471CE72AC3005AE75B /* RJStartScene.m in Sources */ = {isa = PBXBuildFile; fileRef = F8938B461CE72AC3005AE75B /* RJStartScene.m */; };
		F8938B4B1CE72BD2005AE75B /* RJGameScene.m in Sources */ = {isa = PBXBuildFile; fileRef = F8938B4A1CE72BD2005AE75B /* RJGameScene.m */; };
		F8938B4D1CE7306F005AE75B /* ball.png in Resources */ = {isa = PBXBuildFile; fileRef = F8938B4C1CE7306F005AE75B /* ball.png */; };
/* End PBXBuildFile section */

/* Begin PBXFileReference section */
		F8938B201CE72A02005AE75B /* RunJumpGame.app */ = {isa = PBXFileReference; explicitFileType = wrapper.application; includeInIndex = 0; path = RunJumpGame.app; sourceTree = BUILT_PRODUCTS_DIR; };
		F8938B241CE72A02005AE75B /* main.m */ = {isa = PBXFileReference; lastKnownFileType = sourcecode.c.objc; path = main.m; sourceTree = "<group>"; };
		F8938B261CE72A02005AE75B /* RJAppDelegate.h */ = {isa = PBXFileReference; lastKnownFileType = sourcecode.c.h; path = RJAppDelegate.h; sourceTree = "<group>"; };
		F8938B271CE72A02005AE75B /* RJAppDelegate.m */ = {isa = PBXFileReference; lastKnownFileType = sourcecode.c.objc; path = RJAppDelegate.m; sourceTree = "<group>"; };
		F8938B341CE72A02005AE75B /* Assets.xcassets */ = {isa = PBXFileReference; lastKnownFileType = folder.assetcatalog; path = Assets.xcassets; sourceTree = "<group>"; };
		F8938B371CE72A02005AE75B /* Base */ = {isa = PBXFileReference; lastKnownFileType = file.storyboard; name = Base; path = Base.lproj/LaunchScreen.storyboard; sourceTree = "<group>"; };
		F8938B391CE72A02005AE75B /* Info.plist */ = {isa = PBXFileReference; lastKnownFileType = text.plist.xml; path = Info.plist; sourceTree = "<group>"; };
		F8938B3F1CE72A81005AE75B /* RJViewController.h */ = {isa = PBXFileReference; fileEncoding = 4; lastKnownFileType = sourcecode.c.h; path = RJViewController.h; sourceTree = "<group>"; };
		F8938B401CE72A81005AE75B /* RJViewController.m */ = {isa = PBXFileReference; fileEncoding = 4; lastKnownFileType = sourcecode.c.objc; path = RJViewController.m; sourceTree = "<group>"; };
		F8938B411CE72A81005AE75B /* RJViewController.xib */ = {isa = PBXFileReference; fileEncoding = 4; lastKnownFileType = file.xib; path = RJViewController.xib; sourceTree = "<group>"; };
		F8938B451CE72AC3005AE75B /* RJStartScene.h */ = {isa = PBXFileReference; fileEncoding = 4; lastKnownFileType = sourcecode.c.h; path = RJStartScene.h; sourceTree = "<group>"; };
		F8938B461CE72AC3005AE75B /* RJStartScene.m */ = {isa = PBXFileReference; fileEncoding = 4; lastKnownFileType = sourcecode.c.objc; path = RJStartScene.m; sourceTree = "<group>"; };
		F8938B491CE72BD2005AE75B /* RJGameScene.h */ = {isa = PBXFileReference; fileEncoding = 4; lastKnownFileType = sourcecode.c.h; path = RJGameScene.h; sourceTree = "<group>"; };
		F8938B4A1CE72BD2005AE75B /* RJGameScene.m */ = {isa = PBXFileReference; fileEncoding = 4; lastKnownFileType = sourcecode.c.objc; path = RJGameScene.m; sourceTree = "<group>"; };
		F8938B4C1CE7306F005AE75B /* ball.png */ = {isa = PBXFileReference; lastKnownFileType = image.png; path = ball.png; sourceTree = "<group>"; };
/* End PBXFileReference section */

/* Begin PBXFrameworksBuildPhase section */
		F8938B1D1CE72A02005AE75B /* Frameworks */ = {
			isa = PBXFrameworksBuildPhase;
			buildActionMask = 2147483647;
			files = (
			);
			runOnlyForDeploymentPostprocessing = 0;
		};
/* End PBXFrameworksBuildPhase section */

/* Begin PBXGroup section */
		F8938B171CE72A02005AE75B = {
			isa = PBXGroup;
			children = (
				F8938B221CE72A02005AE75B /* RunJumpGame */,
				F8938B211CE72A02005AE75B /* Products */,
			);
			sourceTree = "<group>";
		};
		F8938B211CE72A02005AE75B /* Products */ = {
			isa = PBXGroup;
			children = (
				F8938B201CE72A02005AE75B /* RunJumpGame.app */,
			);
			name = Products;
			sourceTree = "<group>";
		};
		F8938B221CE72A02005AE75B /* RunJumpGame */ = {
			isa = PBXGroup;
			children = (
				F8938B341CE72A02005AE75B /* Assets.xcassets */,
				F8938B361CE72A02005AE75B /* LaunchScreen.storyboard */,
				F8938B261CE72A02005AE75B /* RJAppDelegate.h */,
				F8938B271CE72A02005AE75B /* RJAppDelegate.m */,
				F8938B3F1CE72A81005AE75B /* RJViewController.h */,
				F8938B401CE72A81005AE75B /* RJViewController.m */,
				F8938B411CE72A81005AE75B /* RJViewController.xib */,
				F8938B441CE72AC3005AE75B /* StartScene */,
				F8938B481CE72AC8005AE75B /* GameScene */,
				F8938B231CE72A02005AE75B /* Supporting Files */,
			);
			path = RunJumpGame;
			sourceTree = "<group>";
		};
		F8938B231CE72A02005AE75B /* Supporting Files */ = {
			isa = PBXGroup;
			children = (
				F8938B391CE72A02005AE75B /* Info.plist */,
				F8938B241CE72A02005AE75B /* main.m */,
			);
			name = "Supporting Files";
			sourceTree = "<group>";
		};
		F8938B441CE72AC3005AE75B /* StartScene */ = {
			isa = PBXGroup;
			children = (
				F8938B451CE72AC3005AE75B /* RJStartScene.h */,
				F8938B461CE72AC3005AE75B /* RJStartScene.m */,
			);
			path = StartScene;
			sourceTree = "<group>";
		};
		F8938B481CE72AC8005AE75B /* GameScene */ = {
			isa = PBXGroup;
			children = (
				F8938B491CE72BD2005AE75B /* RJGameScene.h */,
				F8938B4A1CE72BD2005AE75B /* RJGameScene.m */,
				F8938B4C1CE7306F005AE75B /* ball.png */,
			);
			path = GameScene;
			sourceTree = "<group>";
		};
/* End PBXGroup section */

/* Begin PBXNativeTarget section */
		F8938B1F1CE72A02005AE75B /* RunJumpGame */ = {
			isa = PBXNativeTarget;
			buildConfigurationList = F8938B3C1CE72A02005AE75B /* Build configuration list for PBXNativeTarget "RunJumpGame" */;
			buildPhases = (
				F8938B1C1CE72A02005AE75B /* Sources */,
				F8938B1D1CE72A02005AE75B /* Frameworks */,
				F8938B1E1CE72A02005AE75B /* Resources */,
			);
			buildRules = (
			);
			dependencies = (
			);
			name = RunJumpGame;
			productName = RunJumpGame;
			productReference = F8938B201CE72A02005AE75B /* RunJumpGame.app */;
			productType = "com.apple.product-type.application";
		};
/* End PBXNativeTarget section */

/* Begin PBXProject section */
		F8938B181CE72A02005AE75B /* Project object */ = {
			isa = PBXProject;
			attributes = {
				CLASSPREFIX = RJ;
				LastUpgradeCheck = 0730;
				ORGANIZATIONNAME = w91379137;
				TargetAttributes = {
					F8938B1F1CE72A02005AE75B = {
						CreatedOnToolsVersion = 7.3.1;
					};
				};
			};
			buildConfigurationList = F8938B1B1CE72A02005AE75B /* Build configuration list for PBXProject "RunJumpGame" */;
			compatibilityVersion = "Xcode 3.2";
			developmentRegion = English;
			hasScannedForEncodings = 0;
			knownRegions = (
				en,
				Base,
			);
			mainGroup = F8938B171CE72A02005AE75B;
			productRefGroup = F8938B211CE72A02005AE75B /* Products */;
			projectDirPath = "";
			projectRoot = "";
			targets = (
				F8938B1F1CE72A02005AE75B /* RunJumpGame */,
			);
		};
/* End PBXProject section */

/* Begin PBXResourcesBuildPhase section */
		F8938B1E1CE72A02005AE75B /* Resources */ = {
			isa = PBXResourcesBuildPhase;
			buildActionMask = 2147483647;
			files = (
				F8938B381CE72A02005AE75B /* LaunchScreen.storyboard in Resources */,
				F8938B431CE72A81005AE75B /* RJViewController.xib in Resources */,
				F8938B4D1CE7306F005AE75B /* ball.png in Resources */,
				F8938B351CE72A02005AE75B /* Assets.xcassets in Resources */,
			);
			runOnlyForDeploymentPostprocessing = 0;
		};
/* End PBXResourcesBuildPhase section */

/* Begin PBXSourcesBuildPhase section */
		F8938B1C1CE72A02005AE75B /* Sources */ = {
			isa = PBXSourcesBuildPhase;
			buildActionMask = 2147483647;
			files = (
				F8938B421CE72A81005AE75B /* RJViewController.m in Sources */,
				F8938B471CE72AC3005AE75B /* RJStartScene.m in Sources */,
				F8938B281CE72A02005AE75B /* RJAppDelegate.m in Sources */,
				F8938B251CE72A02005AE75B /* main.m in Sources */,
				F8938B4B1CE72BD2005AE75B /* RJGameScene.m in Sources */,
			);
			runOnlyForDeploymentPostprocessing = 0;
		};
/* End PBXSourcesBuildPhase section */

/* Begin PBXVariantGroup section */
		F8938B361CE72A02005AE75B /* LaunchScreen.storyboard */ = {
			isa = PBXVariantGroup;
			children = (
				F8938B371CE72A02005AE75B /* Base */,
			);
			name = LaunchScreen.storyboard;
			sourceTree = "<group>";
		};
/* End PBXVariantGroup section */

/* Begin XCBuildConfiguration section */
		F8938B3A1CE72A02005AE75B /* Debug */ = {
			isa = XCBuildConfiguration;
			buildSettings = {
				ALWAYS_SEARCH_USER_PATHS = NO;
				CLANG_ANALYZER_NONNULL = YES;
				CLANG_CXX_LANGUAGE_STANDARD = "gnu++0x";
				CLANG_CXX_LIBRARY = "libc++";
				CLANG_ENABLE_MODULES = YES;
				CLANG_ENABLE_OBJC_ARC = YES;
				CLANG_WARN_BOOL_CONVERSION = YES;
				CLANG_WARN_CONSTANT_CONVERSION = YES;
				CLANG_WARN_DIRECT_OBJC_ISA_USAGE = YES_ERROR;
				CLANG_WARN_EMPTY_BODY = YES;
				CLANG_WARN_ENUM_CONVERSION = YES;
				CLANG_WARN_INT_CONVERSION = YES;
				CLANG_WARN_OBJC_ROOT_CLASS = YES_ERROR;
				CLANG_WARN_UNREACHABLE_CODE = YES;
				CLANG_WARN__DUPLICATE_METHOD_MATCH = YES;
				"CODE_SIGN_IDENTITY[sdk=iphoneos*]" = "iPhone Developer";
				COPY_PHASE_STRIP = NO;
				DEBUG_INFORMATION_FORMAT = "dwarf-with-dsym";
				ENABLE_STRICT_OBJC_MSGSEND = YES;
				ENABLE_TESTABILITY = YES;
				GCC_C_LANGUAGE_STANDARD = gnu99;
				GCC_DYNAMIC_NO_PIC = NO;
				GCC_NO_COMMON_BLOCKS = YES;
				GCC_OPTIMIZATION_LEVEL = 0;
				GCC_PREPROCESSOR_DEFINITIONS = (
					"DEBUG=1",
					"$(inherited)",
				);
				GCC_WARN_64_TO_32_BIT_CONVERSION = YES;
				GCC_WARN_ABOUT_RETURN_TYPE = YES_ERROR;
				GCC_WARN_UNDECLARED_SELECTOR = YES;
				GCC_WARN_UNINITIALIZED_AUTOS = YES_AGGRESSIVE;
				GCC_WARN_UNUSED_FUNCTION = YES;
				GCC_WARN_UNUSED_VARIABLE = YES;
				IPHONEOS_DEPLOYMENT_TARGET = 9.3;
				MTL_ENABLE_DEBUG_INFO = YES;
				ONLY_ACTIVE_ARCH = YES;
				SDKROOT = iphoneos;
			};
			name = Debug;
		};
		F8938B3B1CE72A02005AE75B /* Release */ = {
			isa = XCBuildConfiguration;
			buildSettings = {
				ALWAYS_SEARCH_USER_PATHS = NO;
				CLANG_ANALYZER_NONNULL = YES;
				CLANG_CXX_LANGUAGE_STANDARD = "gnu++0x";
				CLANG_CXX_LIBRARY = "libc++";
				CLANG_ENABLE_MODULES = YES;
				CLANG_ENABLE_OBJC_ARC = YES;
				CLANG_WARN_BOOL_CONVERSION = YES;
				CLANG_WARN_CONSTANT_CONVERSION = YES;
				CLANG_WARN_DIRECT_OBJC_ISA_USAGE = YES_ERROR;
				CLANG_WARN_EMPTY_BODY = YES;
				CLANG_WARN_ENUM_CONVERSION = YES;
				CLANG_WARN_INT_CONVERSION = YES;
				CLANG_WARN_OBJC_ROOT_CLASS = YES_ERROR;
				CLANG_WARN_UNREACHABLE_CODE = YES;
				CLANG_WARN__DUPLICATE_METHOD_MATCH = YES;
				"CODE_SIGN_IDENTITY[sdk=iphoneos*]" = "iPhone Developer";
				COPY_PHASE_STRIP = NO;
				DEBUG_INFORMATION_FORMAT = "dwarf-with-dsym";
				ENABLE_NS_ASSERTIONS = NO;
				ENABLE_STRICT_OBJC_MSGSEND = YES;
				GCC_C_LANGUAGE_STANDARD = gnu99;
				GCC_NO_COMMON_BLOCKS = YES;
				GCC_WARN_64_TO_32_BIT_CONVERSION = YES;
				GCC_WARN_ABOUT_RETURN_TYPE = YES_ERROR;
				GCC_WARN_UNDECLARED_SELECTOR = YES;
				GCC_WARN_UNINITIALIZED_AUTOS = YES_AGGRESSIVE;
				GCC_WARN_UNUSED_FUNCTION = YES;
				GCC_WARN_UNUSED_VARIABLE = YES;
				IPHONEOS_DEPLOYMENT_TARGET = 9.3;
				MTL_ENABLE_DEBUG_INFO = NO;
				SDKROOT = iphoneos;
				VALIDATE_PRODUCT = YES;
			};
			name = Release;
		};
		F8938B3D1CE72A02005AE75B /* Debug */ = {
			isa = XCBuildConfiguration;
			buildSettings = {
				ASSETCATALOG_COMPILER_APPICON_NAME = AppIcon;
				INFOPLIST_FILE = RunJumpGame/Info.plist;
				LD_RUNPATH_SEARCH_PATHS = "$(inherited) @executable_path/Frameworks";
				PRODUCT_BUNDLE_IDENTIFIER = com.a.RunJumpGame;
				PRODUCT_NAME = "$(TARGET_NAME)";
			};
			name = Debug;
		};
		F8938B3E1CE72A02005AE75B /* Release */ = {
			isa = XCBuildConfiguration;
			buildSettings = {
				ASSETCATALOG_COMPILER_APPICON_NAME = AppIcon;
				INFOPLIST_FILE = RunJumpGame/Info.plist;
				LD_RUNPATH_SEARCH_PATHS = "$(inherited) @executable_path/Frameworks";
				PRODUCT_BUNDLE_IDENTIFIER = com.a.RunJumpGame;
				PRODUCT_NAME = "$(TARGET_NAME)";
			};
			name = Release;
		};
/* End XCBuildConfiguration section */

/* Begin XCConfigurationList section */
		F8938B1B1CE72A02005AE75B /* Build configuration list for PBXProject "RunJumpGame" */ = {
			isa = XCConfigurationList;
			buildConfigurations = (
				F8938B3A1CE72A02005AE75B /* Debug */,
				F8938B3B1CE72A02005AE75B /* Release */,
			);
			defaultConfigurationIsVisible = 0;
			defaultConfigurationName = Release;
		};
		F8938B3C1CE72A02005AE75B /* Build configuration list for PBXNativeTarget "RunJumpGame" */ = {
			isa = XCConfigurationList;
			buildConfigurations = (
				F8938B3D1CE72A02005AE75B /* Debug */,
				F8938B3E1CE72A02005AE75B /* Release */,
			);
			defaultConfigurationIsVisible = 0;
		};
/* End XCConfigurationList section */
	};
	rootObject = F8938B181CE72A02005AE75B /* Project object */;
}
